
Microsoft Visual Studio Solution File, Format Version 12.00
# Visual Studio 15
VisualStudioVersion = 15.0.33026.149
MinimumVisualStudioVersion = 10.0.40219.1
Project("{FAE04EC0-301F-11D3-BF4B-00C04F79EFBC}") = "System", "System\System.csproj", "{DF6219C3-98A7-460D-8EBD-5BF7546E9021}"
EndProject
Global
	GlobalSection(SolutionConfigurationPlatforms) = preSolution
		Debug|Any CPU = Debug|Any CPU
		Release|Any CPU = Release|Any CPU
	EndGlobalSection
	GlobalSection(ProjectConfigurationPlatforms) = postSolution
		{DF6219C3-98A7-460D-8EBD-5BF7546E9021}.Debug|Any CPU.ActiveCfg = Debug|Any CPU
		{DF6219C3-98A7-460D-8EBD-5BF7546E9021}.Debug|Any CPU.Build.0 = Debug|Any CPU
		{DF6219C3-98A7-460D-8EBD-5BF7546E9021}.Release|Any CPU.ActiveCfg = Release|Any CPU
		{DF6219C3-98A7-460D-8EBD-5BF7546E9021}.Release|Any CPU.Build.0 = Release|Any CPU
	EndGlobalSection
	GlobalSection(SolutionProperties) = preSolution
		HideSolutionNode = FALSE
	EndGlobalSection
	GlobalSection(ExtensibilityGlobals) = postSolution
		SolutionGuid = {67FAD8B7-D541-4F49-A5BF-5E07D08AEC79}
	EndGlobalSection
EndGlobal
